
Microsoft Visual Studio Solution File, Format Version 11.00
# Visual Studio 2010
Project("{FAE04EC0-301F-11D3-BF4B-00C04F79EFBC}") = "ex_2 25.12.18", "ex_2 25.12.18\ex_2 25.12.18.csproj", "{44656DAC-CE50-4321-9524-3C3177FE0974}"
EndProject
Project("{FAE04EC0-301F-11D3-BF4B-00C04F79EFBC}") = "ex_3 25.12.18", "ex_3 25.12.18\ex_3 25.12.18.csproj", "{FA2C715E-F037-4E47-85A8-22ED7D81F9A3}"
EndProject
Project("{FAE04EC0-301F-11D3-BF4B-00C04F79EFBC}") = "ex_4 25.12.18", "ex_4 25.12.18\ex_4 25.12.18.csproj", "{AC8DB226-8B24-417F-A9AA-B8743BCF8C4F}"
EndProject
Global
	GlobalSection(SolutionConfigurationPlatforms) = preSolution
		Debug|x86 = Debug|x86
		Release|x86 = Release|x86
	EndGlobalSection
	GlobalSection(ProjectConfigurationPlatforms) = postSolution
		{44656DAC-CE50-4321-9524-3C3177FE0974}.Debug|x86.ActiveCfg = Debug|x86
		{44656DAC-CE50-4321-9524-3C3177FE0974}.Debug|x86.Build.0 = Debug|x86
		{44656DAC-CE50-4321-9524-3C3177FE0974}.Release|x86.ActiveCfg = Release|x86
		{44656DAC-CE50-4321-9524-3C3177FE0974}.Release|x86.Build.0 = Release|x86
		{FA2C715E-F037-4E47-85A8-22ED7D81F9A3}.Debug|x86.ActiveCfg = Debug|x86
		{FA2C715E-F037-4E47-85A8-22ED7D81F9A3}.Debug|x86.Build.0 = Debug|x86
		{FA2C715E-F037-4E47-85A8-22ED7D81F9A3}.Release|x86.ActiveCfg = Release|x86
		{FA2C715E-F037-4E47-85A8-22ED7D81F9A3}.Release|x86.Build.0 = Release|x86
		{AC8DB226-8B24-417F-A9AA-B8743BCF8C4F}.Debug|x86.ActiveCfg = Debug|x86
		{AC8DB226-8B24-417F-A9AA-B8743BCF8C4F}.Debug|x86.Build.0 = Debug|x86
		{AC8DB226-8B24-417F-A9AA-B8743BCF8C4F}.Release|x86.ActiveCfg = Release|x86
		{AC8DB226-8B24-417F-A9AA-B8743BCF8C4F}.Release|x86.Build.0 = Release|x86
	EndGlobalSection
	GlobalSection(SolutionProperties) = preSolution
		HideSolutionNode = FALSE
	EndGlobalSection
EndGlobal
