
Microsoft Visual Studio Solution File, Format Version 11.00
# Visual C# Express 2010
Project("{FAE04EC0-301F-11D3-BF4B-00C04F79EFBC}") = "t_16 a", "p.146\t_16 a.csproj", "{FDE7C8F0-F7C4-451A-914F-3E197649E5AF}"
EndProject
Project("{FAE04EC0-301F-11D3-BF4B-00C04F79EFBC}") = "t_16 b", "t_16 b\t_16 b.csproj", "{8AFFE4B6-A1F2-4D45-A453-60C7A4C5990E}"
EndProject
Project("{FAE04EC0-301F-11D3-BF4B-00C04F79EFBC}") = "t_16 c", "t_16 c\t_16 c.csproj", "{B278DA04-8E53-4DE1-BFF6-288DDC7A461A}"
EndProject
Project("{FAE04EC0-301F-11D3-BF4B-00C04F79EFBC}") = "t_16 d", "t_16\t_16 d.csproj", "{01EFE43A-FCDF-4A4E-A92A-CFFA0EEDEF39}"
EndProject
Project("{FAE04EC0-301F-11D3-BF4B-00C04F79EFBC}") = "t_16 e", "t_16 e\t_16 e.csproj", "{CF5E293B-C3B8-4F07-97B8-B7B744A97E12}"
EndProject
Project("{FAE04EC0-301F-11D3-BF4B-00C04F79EFBC}") = "t_16 f", "t_16 f\t_16 f.csproj", "{B5B92AD4-584C-4AA3-ADEB-CC678C206234}"
EndProject
Project("{FAE04EC0-301F-11D3-BF4B-00C04F79EFBC}") = "t_18", "t_18\t_18.csproj", "{D77C5526-5F30-4A16-85E1-A64094C6909C}"
EndProject
Project("{FAE04EC0-301F-11D3-BF4B-00C04F79EFBC}") = "t_20", "t_20\t_20.csproj", "{C1CAE37B-A110-4A22-A5F2-F7E76604DA1D}"
EndProject
Project("{FAE04EC0-301F-11D3-BF4B-00C04F79EFBC}") = "t_22", "t_22\t_22.csproj", "{90658796-F555-45A3-A844-CD5B87D52DBD}"
EndProject
Project("{FAE04EC0-301F-11D3-BF4B-00C04F79EFBC}") = "t_25 a+b", "t_25\t_25 a+b.csproj", "{1BA965CA-9AEB-4CFE-B99C-767F10627283}"
EndProject
Project("{FAE04EC0-301F-11D3-BF4B-00C04F79EFBC}") = "t_25 c", "t_25 c\t_25 c.csproj", "{61637ACD-A73E-416C-81B9-0EDE7B978099}"
EndProject
Global
	GlobalSection(SolutionConfigurationPlatforms) = preSolution
		Debug|x86 = Debug|x86
		Release|x86 = Release|x86
	EndGlobalSection
	GlobalSection(ProjectConfigurationPlatforms) = postSolution
		{FDE7C8F0-F7C4-451A-914F-3E197649E5AF}.Debug|x86.ActiveCfg = Debug|x86
		{FDE7C8F0-F7C4-451A-914F-3E197649E5AF}.Debug|x86.Build.0 = Debug|x86
		{FDE7C8F0-F7C4-451A-914F-3E197649E5AF}.Release|x86.ActiveCfg = Release|x86
		{FDE7C8F0-F7C4-451A-914F-3E197649E5AF}.Release|x86.Build.0 = Release|x86
		{8AFFE4B6-A1F2-4D45-A453-60C7A4C5990E}.Debug|x86.ActiveCfg = Debug|x86
		{8AFFE4B6-A1F2-4D45-A453-60C7A4C5990E}.Debug|x86.Build.0 = Debug|x86
		{8AFFE4B6-A1F2-4D45-A453-60C7A4C5990E}.Release|x86.ActiveCfg = Release|x86
		{8AFFE4B6-A1F2-4D45-A453-60C7A4C5990E}.Release|x86.Build.0 = Release|x86
		{B278DA04-8E53-4DE1-BFF6-288DDC7A461A}.Debug|x86.ActiveCfg = Debug|x86
		{B278DA04-8E53-4DE1-BFF6-288DDC7A461A}.Debug|x86.Build.0 = Debug|x86
		{B278DA04-8E53-4DE1-BFF6-288DDC7A461A}.Release|x86.ActiveCfg = Release|x86
		{B278DA04-8E53-4DE1-BFF6-288DDC7A461A}.Release|x86.Build.0 = Release|x86
		{01EFE43A-FCDF-4A4E-A92A-CFFA0EEDEF39}.Debug|x86.ActiveCfg = Debug|x86
		{01EFE43A-FCDF-4A4E-A92A-CFFA0EEDEF39}.Debug|x86.Build.0 = Debug|x86
		{01EFE43A-FCDF-4A4E-A92A-CFFA0EEDEF39}.Release|x86.ActiveCfg = Release|x86
		{01EFE43A-FCDF-4A4E-A92A-CFFA0EEDEF39}.Release|x86.Build.0 = Release|x86
		{CF5E293B-C3B8-4F07-97B8-B7B744A97E12}.Debug|x86.ActiveCfg = Debug|x86
		{CF5E293B-C3B8-4F07-97B8-B7B744A97E12}.Debug|x86.Build.0 = Debug|x86
		{CF5E293B-C3B8-4F07-97B8-B7B744A97E12}.Release|x86.ActiveCfg = Release|x86
		{CF5E293B-C3B8-4F07-97B8-B7B744A97E12}.Release|x86.Build.0 = Release|x86
		{B5B92AD4-584C-4AA3-ADEB-CC678C206234}.Debug|x86.ActiveCfg = Debug|x86
		{B5B92AD4-584C-4AA3-ADEB-CC678C206234}.Debug|x86.Build.0 = Debug|x86
		{B5B92AD4-584C-4AA3-ADEB-CC678C206234}.Release|x86.ActiveCfg = Release|x86
		{B5B92AD4-584C-4AA3-ADEB-CC678C206234}.Release|x86.Build.0 = Release|x86
		{D77C5526-5F30-4A16-85E1-A64094C6909C}.Debug|x86.ActiveCfg = Debug|x86
		{D77C5526-5F30-4A16-85E1-A64094C6909C}.Debug|x86.Build.0 = Debug|x86
		{D77C5526-5F30-4A16-85E1-A64094C6909C}.Release|x86.ActiveCfg = Release|x86
		{D77C5526-5F30-4A16-85E1-A64094C6909C}.Release|x86.Build.0 = Release|x86
		{C1CAE37B-A110-4A22-A5F2-F7E76604DA1D}.Debug|x86.ActiveCfg = Debug|x86
		{C1CAE37B-A110-4A22-A5F2-F7E76604DA1D}.Debug|x86.Build.0 = Debug|x86
		{C1CAE37B-A110-4A22-A5F2-F7E76604DA1D}.Release|x86.ActiveCfg = Release|x86
		{C1CAE37B-A110-4A22-A5F2-F7E76604DA1D}.Release|x86.Build.0 = Release|x86
		{90658796-F555-45A3-A844-CD5B87D52DBD}.Debug|x86.ActiveCfg = Debug|x86
		{90658796-F555-45A3-A844-CD5B87D52DBD}.Debug|x86.Build.0 = Debug|x86
		{90658796-F555-45A3-A844-CD5B87D52DBD}.Release|x86.ActiveCfg = Release|x86
		{90658796-F555-45A3-A844-CD5B87D52DBD}.Release|x86.Build.0 = Release|x86
		{1BA965CA-9AEB-4CFE-B99C-767F10627283}.Debug|x86.ActiveCfg = Debug|x86
		{1BA965CA-9AEB-4CFE-B99C-767F10627283}.Debug|x86.Build.0 = Debug|x86
		{1BA965CA-9AEB-4CFE-B99C-767F10627283}.Release|x86.ActiveCfg = Release|x86
		{1BA965CA-9AEB-4CFE-B99C-767F10627283}.Release|x86.Build.0 = Release|x86
		{61637ACD-A73E-416C-81B9-0EDE7B978099}.Debug|x86.ActiveCfg = Debug|x86
		{61637ACD-A73E-416C-81B9-0EDE7B978099}.Debug|x86.Build.0 = Debug|x86
		{61637ACD-A73E-416C-81B9-0EDE7B978099}.Release|x86.ActiveCfg = Release|x86
		{61637ACD-A73E-416C-81B9-0EDE7B978099}.Release|x86.Build.0 = Release|x86
	EndGlobalSection
	GlobalSection(SolutionProperties) = preSolution
		HideSolutionNode = FALSE
	EndGlobalSection
EndGlobal
