
Microsoft Visual Studio Solution File, Format Version 11.00
# Visual Studio 2010
Project("{FAE04EC0-301F-11D3-BF4B-00C04F79EFBC}") = "t_16", "p.114\t_16.csproj", "{41C20A72-4D47-4475-83E9-E77C341759C6}"
EndProject
Project("{FAE04EC0-301F-11D3-BF4B-00C04F79EFBC}") = "t_14", "t_14\t_14.csproj", "{EE37BF82-0566-4739-A6D1-D73F7F5A7D23}"
EndProject
Project("{FAE04EC0-301F-11D3-BF4B-00C04F79EFBC}") = "t_19", "t_19\t_19.csproj", "{AC9EF3BB-A778-480B-8132-A0B3134CDA0B}"
EndProject
Global
	GlobalSection(SolutionConfigurationPlatforms) = preSolution
		Debug|x86 = Debug|x86
		Release|x86 = Release|x86
	EndGlobalSection
	GlobalSection(ProjectConfigurationPlatforms) = postSolution
		{41C20A72-4D47-4475-83E9-E77C341759C6}.Debug|x86.ActiveCfg = Debug|x86
		{41C20A72-4D47-4475-83E9-E77C341759C6}.Debug|x86.Build.0 = Debug|x86
		{41C20A72-4D47-4475-83E9-E77C341759C6}.Release|x86.ActiveCfg = Release|x86
		{41C20A72-4D47-4475-83E9-E77C341759C6}.Release|x86.Build.0 = Release|x86
		{EE37BF82-0566-4739-A6D1-D73F7F5A7D23}.Debug|x86.ActiveCfg = Debug|x86
		{EE37BF82-0566-4739-A6D1-D73F7F5A7D23}.Debug|x86.Build.0 = Debug|x86
		{EE37BF82-0566-4739-A6D1-D73F7F5A7D23}.Release|x86.ActiveCfg = Release|x86
		{EE37BF82-0566-4739-A6D1-D73F7F5A7D23}.Release|x86.Build.0 = Release|x86
		{AC9EF3BB-A778-480B-8132-A0B3134CDA0B}.Debug|x86.ActiveCfg = Debug|x86
		{AC9EF3BB-A778-480B-8132-A0B3134CDA0B}.Debug|x86.Build.0 = Debug|x86
		{AC9EF3BB-A778-480B-8132-A0B3134CDA0B}.Release|x86.ActiveCfg = Release|x86
		{AC9EF3BB-A778-480B-8132-A0B3134CDA0B}.Release|x86.Build.0 = Release|x86
	EndGlobalSection
	GlobalSection(SolutionProperties) = preSolution
		HideSolutionNode = FALSE
	EndGlobalSection
EndGlobal
